// !$*UTF8*$!
{
	archiveVersion = 1;
	classes = {
	};
	objectVersion = 51;
	objects = {

/* Begin PBXBuildFile section */
		0C6261505F5520CD9179D75B /* Pods_PetAdpotionUITests.framework in Frameworks */ = {isa = PBXBuildFile; fileRef = E11D67ECBC10D6E244255EF9 /* Pods_PetAdpotionUITests.framework */; };
		4F603A62BA8D104D423D39C6 /* Pods_PetAdpotionTests.framework in Frameworks */ = {isa = PBXBuildFile; fileRef = 4775848B31292B4E19F51FD4 /* Pods_PetAdpotionTests.framework */; };
		8D10E87A2376C83900718B9C /* ErrorResponse.swift in Sources */ = {isa = PBXBuildFile; fileRef = 8D10E8792376C83900718B9C /* ErrorResponse.swift */; };
		8D10E87D2376DBC000718B9C /* BaseViewModel.swift in Sources */ = {isa = PBXBuildFile; fileRef = 8D10E87C2376DBC000718B9C /* BaseViewModel.swift */; };
		8D10E87F2376DBE400718B9C /* PetListViewModel.swift in Sources */ = {isa = PBXBuildFile; fileRef = 8D10E87E2376DBE400718B9C /* PetListViewModel.swift */; };
		8D10E88A2377EAAA00718B9C /* GetAllCatsResponse.swift in Sources */ = {isa = PBXBuildFile; fileRef = 8D10E8892377EAAA00718B9C /* GetAllCatsResponse.swift */; };
		8D10E88C2377EAE500718B9C /* CatsVO.swift in Sources */ = {isa = PBXBuildFile; fileRef = 8D10E88B2377EAE500718B9C /* CatsVO.swift */; };
		8D8DD9D02349E90500B9191B /* BaseResponse.swift in Sources */ = {isa = PBXBuildFile; fileRef = 8D8DD9CF2349E90500B9191B /* BaseResponse.swift */; };
		8D8DD9D22349E95600B9191B /* GetAllPetCategoryResponse.swift in Sources */ = {isa = PBXBuildFile; fileRef = 8D8DD9D12349E95600B9191B /* GetAllPetCategoryResponse.swift */; };
		8D8DD9D42349E98900B9191B /* CategoryVO.swift in Sources */ = {isa = PBXBuildFile; fileRef = 8D8DD9D32349E98900B9191B /* CategoryVO.swift */; };
		8D8DD9D62349FE6F00B9191B /* PetListView.swift in Sources */ = {isa = PBXBuildFile; fileRef = 8D8DD9D52349FE6F00B9191B /* PetListView.swift */; };
		8D8DD9D82349FE9000B9191B /* PetListPresenter.swift in Sources */ = {isa = PBXBuildFile; fileRef = 8D8DD9D72349FE9000B9191B /* PetListPresenter.swift */; };
		8D8DD9DA2349FEDD00B9191B /* PetListPresenterImpl.swift in Sources */ = {isa = PBXBuildFile; fileRef = 8D8DD9D92349FEDD00B9191B /* PetListPresenterImpl.swift */; };
		8D8DD9DC2349FFCB00B9191B /* RemoteModel.swift in Sources */ = {isa = PBXBuildFile; fileRef = 8D8DD9DB2349FFCB00B9191B /* RemoteModel.swift */; };
		8D8DD9DE234A005D00B9191B /* RemoteModelImpl.swift in Sources */ = {isa = PBXBuildFile; fileRef = 8D8DD9DD234A005D00B9191B /* RemoteModelImpl.swift */; };
		8DA717BB23482EF800EF6047 /* AppDelegate.swift in Sources */ = {isa = PBXBuildFile; fileRef = 8DA717BA23482EF800EF6047 /* AppDelegate.swift */; };
		8DA717BD23482EF800EF6047 /* ViewController.swift in Sources */ = {isa = PBXBuildFile; fileRef = 8DA717BC23482EF800EF6047 /* ViewController.swift */; };
		8DA717C023482EF800EF6047 /* Main.storyboard in Resources */ = {isa = PBXBuildFile; fileRef = 8DA717BE23482EF800EF6047 /* Main.storyboard */; };
		8DA717C223482EFC00EF6047 /* Assets.xcassets in Resources */ = {isa = PBXBuildFile; fileRef = 8DA717C123482EFC00EF6047 /* Assets.xcassets */; };
		8DA717C523482EFC00EF6047 /* LaunchScreen.storyboard in Resources */ = {isa = PBXBuildFile; fileRef = 8DA717C323482EFC00EF6047 /* LaunchScreen.storyboard */; };
		8DA717D023482EFC00EF6047 /* PetAdpotionTests.swift in Sources */ = {isa = PBXBuildFile; fileRef = 8DA717CF23482EFC00EF6047 /* PetAdpotionTests.swift */; };
		8DA717DB23482EFC00EF6047 /* PetAdpotionUITests.swift in Sources */ = {isa = PBXBuildFile; fileRef = 8DA717DA23482EFC00EF6047 /* PetAdpotionUITests.swift */; };
		8DA717EF23482FE100EF6047 /* BaseVO.swift in Sources */ = {isa = PBXBuildFile; fileRef = 8DA717EE23482FE100EF6047 /* BaseVO.swift */; };
		8DA717F123482FF200EF6047 /* BaseModel.swift in Sources */ = {isa = PBXBuildFile; fileRef = 8DA717F023482FF200EF6047 /* BaseModel.swift */; };
		8DA717F52348302900EF6047 /* BaseApiClient.swift in Sources */ = {isa = PBXBuildFile; fileRef = 8DA717F42348302900EF6047 /* BaseApiClient.swift */; };
		8DA717F72348306A00EF6047 /* SharedApiClient.swift in Sources */ = {isa = PBXBuildFile; fileRef = 8DA717F62348306A00EF6047 /* SharedApiClient.swift */; };
		8DA717F92348308000EF6047 /* IApiClient.swift in Sources */ = {isa = PBXBuildFile; fileRef = 8DA717F82348308000EF6047 /* IApiClient.swift */; };
		8DA717FB234830DB00EF6047 /* AppConstants.swift in Sources */ = {isa = PBXBuildFile; fileRef = 8DA717FA234830DB00EF6047 /* AppConstants.swift */; };
		8DA717FD234830FF00EF6047 /* UserDefUtils.swift in Sources */ = {isa = PBXBuildFile; fileRef = 8DA717FC234830FE00EF6047 /* UserDefUtils.swift */; };
		8DA717FF2348313200EF6047 /* Extensions.swift in Sources */ = {isa = PBXBuildFile; fileRef = 8DA717FE2348313200EF6047 /* Extensions.swift */; };
		8DA718052348319000EF6047 /* BaseCollectionViewCell.swift in Sources */ = {isa = PBXBuildFile; fileRef = 8DA718042348319000EF6047 /* BaseCollectionViewCell.swift */; };
		8DA71807234831A000EF6047 /* BaseTableViewCell.swift in Sources */ = {isa = PBXBuildFile; fileRef = 8DA71806234831A000EF6047 /* BaseTableViewCell.swift */; };
		8DA71809234831A700EF6047 /* View.xib in Resources */ = {isa = PBXBuildFile; fileRef = 8DA71808234831A700EF6047 /* View.xib */; };
		8DA7180D2348332700EF6047 /* BasePresenter.swift in Sources */ = {isa = PBXBuildFile; fileRef = 8DA7180C2348332700EF6047 /* BasePresenter.swift */; };
		8DA718122348334400EF6047 /* BaseView.swift in Sources */ = {isa = PBXBuildFile; fileRef = 8DA718112348334400EF6047 /* BaseView.swift */; };
		8DA7181923489A2900EF6047 /* CardView.swift in Sources */ = {isa = PBXBuildFile; fileRef = 8DA7181823489A2900EF6047 /* CardView.swift */; };
		8DA7181B2348A32000EF6047 /* LoginPresenter.swift in Sources */ = {isa = PBXBuildFile; fileRef = 8DA7181A2348A32000EF6047 /* LoginPresenter.swift */; };
		8DA7181D2348A33400EF6047 /* LoginView.swift in Sources */ = {isa = PBXBuildFile; fileRef = 8DA7181C2348A33400EF6047 /* LoginView.swift */; };
		8DA7181F2348A38500EF6047 /* LoginPresenterImpl.swift in Sources */ = {isa = PBXBuildFile; fileRef = 8DA7181E2348A38500EF6047 /* LoginPresenterImpl.swift */; };
		8DA7182123497DD600EF6047 /* PetListViewController.swift in Sources */ = {isa = PBXBuildFile; fileRef = 8DA7182023497DD500EF6047 /* PetListViewController.swift */; };
		8DA7182423497F7900EF6047 /* CategoryCollectionViewCell.swift in Sources */ = {isa = PBXBuildFile; fileRef = 8DA7182223497F7900EF6047 /* CategoryCollectionViewCell.swift */; };
		8DA7182523497F7900EF6047 /* CategoryCollectionViewCell.xib in Resources */ = {isa = PBXBuildFile; fileRef = 8DA7182323497F7900EF6047 /* CategoryCollectionViewCell.xib */; };
		8DA7182823498A3500EF6047 /* PetTableViewCell.swift in Sources */ = {isa = PBXBuildFile; fileRef = 8DA7182623498A3500EF6047 /* PetTableViewCell.swift */; };
		8DA7182923498A3500EF6047 /* PetTableViewCell.xib in Resources */ = {isa = PBXBuildFile; fileRef = 8DA7182723498A3500EF6047 /* PetTableViewCell.xib */; };
		8DBA246B2349A7F300B03AF4 /* SideMenuViewController.swift in Sources */ = {isa = PBXBuildFile; fileRef = 8DBA246A2349A7F300B03AF4 /* SideMenuViewController.swift */; };
		CB2D1DDB20040DB182827FC3 /* Pods_PetAdpotion.framework in Frameworks */ = {isa = PBXBuildFile; fileRef = 3F4F3EEEE27D51E81F5F2433 /* Pods_PetAdpotion.framework */; };
/* End PBXBuildFile section */

/* Begin PBXContainerItemProxy section */
		8DA717CC23482EFC00EF6047 /* PBXContainerItemProxy */ = {
			isa = PBXContainerItemProxy;
			containerPortal = 8DA717AF23482EF800EF6047 /* Project object */;
			proxyType = 1;
			remoteGlobalIDString = 8DA717B623482EF800EF6047;
			remoteInfo = PetAdpotion;
		};
		8DA717D723482EFC00EF6047 /* PBXContainerItemProxy */ = {
			isa = PBXContainerItemProxy;
			containerPortal = 8DA717AF23482EF800EF6047 /* Project object */;
			proxyType = 1;
			remoteGlobalIDString = 8DA717B623482EF800EF6047;
			remoteInfo = PetAdpotion;
		};
/* End PBXContainerItemProxy section */

/* Begin PBXFileReference section */
		3F4F3EEEE27D51E81F5F2433 /* Pods_PetAdpotion.framework */ = {isa = PBXFileReference; explicitFileType = wrapper.framework; includeInIndex = 0; path = Pods_PetAdpotion.framework; sourceTree = BUILT_PRODUCTS_DIR; };
		4775848B31292B4E19F51FD4 /* Pods_PetAdpotionTests.framework */ = {isa = PBXFileReference; explicitFileType = wrapper.framework; includeInIndex = 0; path = Pods_PetAdpotionTests.framework; sourceTree = BUILT_PRODUCTS_DIR; };
		6F661F4BAAE86027272DB620 /* Pods-PetAdpotion.release.xcconfig */ = {isa = PBXFileReference; includeInIndex = 1; lastKnownFileType = text.xcconfig; name = "Pods-PetAdpotion.release.xcconfig"; path = "Target Support Files/Pods-PetAdpotion/Pods-PetAdpotion.release.xcconfig"; sourceTree = "<group>"; };
		81F6F69728E9E9744B70C1E8 /* Pods-PetAdpotionUITests.debug.xcconfig */ = {isa = PBXFileReference; includeInIndex = 1; lastKnownFileType = text.xcconfig; name = "Pods-PetAdpotionUITests.debug.xcconfig"; path = "Target Support Files/Pods-PetAdpotionUITests/Pods-PetAdpotionUITests.debug.xcconfig"; sourceTree = "<group>"; };
		8D10E8792376C83900718B9C /* ErrorResponse.swift */ = {isa = PBXFileReference; lastKnownFileType = sourcecode.swift; path = ErrorResponse.swift; sourceTree = "<group>"; };
		8D10E87C2376DBC000718B9C /* BaseViewModel.swift */ = {isa = PBXFileReference; lastKnownFileType = sourcecode.swift; path = BaseViewModel.swift; sourceTree = "<group>"; };
		8D10E87E2376DBE400718B9C /* PetListViewModel.swift */ = {isa = PBXFileReference; lastKnownFileType = sourcecode.swift; path = PetListViewModel.swift; sourceTree = "<group>"; };
		8D10E8892377EAAA00718B9C /* GetAllCatsResponse.swift */ = {isa = PBXFileReference; lastKnownFileType = sourcecode.swift; path = GetAllCatsResponse.swift; sourceTree = "<group>"; };
		8D10E88B2377EAE500718B9C /* CatsVO.swift */ = {isa = PBXFileReference; lastKnownFileType = sourcecode.swift; path = CatsVO.swift; sourceTree = "<group>"; };
		8D8DD9CF2349E90500B9191B /* BaseResponse.swift */ = {isa = PBXFileReference; lastKnownFileType = sourcecode.swift; path = BaseResponse.swift; sourceTree = "<group>"; };
		8D8DD9D12349E95600B9191B /* GetAllPetCategoryResponse.swift */ = {isa = PBXFileReference; lastKnownFileType = sourcecode.swift; path = GetAllPetCategoryResponse.swift; sourceTree = "<group>"; };
		8D8DD9D32349E98900B9191B /* CategoryVO.swift */ = {isa = PBXFileReference; lastKnownFileType = sourcecode.swift; path = CategoryVO.swift; sourceTree = "<group>"; };
		8D8DD9D52349FE6F00B9191B /* PetListView.swift */ = {isa = PBXFileReference; lastKnownFileType = sourcecode.swift; path = PetListView.swift; sourceTree = "<group>"; };
		8D8DD9D72349FE9000B9191B /* PetListPresenter.swift */ = {isa = PBXFileReference; lastKnownFileType = sourcecode.swift; path = PetListPresenter.swift; sourceTree = "<group>"; };
		8D8DD9D92349FEDD00B9191B /* PetListPresenterImpl.swift */ = {isa = PBXFileReference; lastKnownFileType = sourcecode.swift; path = PetListPresenterImpl.swift; sourceTree = "<group>"; };
		8D8DD9DB2349FFCB00B9191B /* RemoteModel.swift */ = {isa = PBXFileReference; lastKnownFileType = sourcecode.swift; path = RemoteModel.swift; sourceTree = "<group>"; };
		8D8DD9DD234A005D00B9191B /* RemoteModelImpl.swift */ = {isa = PBXFileReference; lastKnownFileType = sourcecode.swift; path = RemoteModelImpl.swift; sourceTree = "<group>"; };
		8DA717B723482EF800EF6047 /* PetAdpotion.app */ = {isa = PBXFileReference; explicitFileType = wrapper.application; includeInIndex = 0; path = PetAdpotion.app; sourceTree = BUILT_PRODUCTS_DIR; };
		8DA717BA23482EF800EF6047 /* AppDelegate.swift */ = {isa = PBXFileReference; lastKnownFileType = sourcecode.swift; path = AppDelegate.swift; sourceTree = "<group>"; };
		8DA717BC23482EF800EF6047 /* ViewController.swift */ = {isa = PBXFileReference; lastKnownFileType = sourcecode.swift; path = ViewController.swift; sourceTree = "<group>"; };
		8DA717BF23482EF800EF6047 /* Base */ = {isa = PBXFileReference; lastKnownFileType = file.storyboard; name = Base; path = Base.lproj/Main.storyboard; sourceTree = "<group>"; };
		8DA717C123482EFC00EF6047 /* Assets.xcassets */ = {isa = PBXFileReference; lastKnownFileType = folder.assetcatalog; path = Assets.xcassets; sourceTree = "<group>"; };
		8DA717C423482EFC00EF6047 /* Base */ = {isa = PBXFileReference; lastKnownFileType = file.storyboard; name = Base; path = Base.lproj/LaunchScreen.storyboard; sourceTree = "<group>"; };
		8DA717C623482EFC00EF6047 /* Info.plist */ = {isa = PBXFileReference; lastKnownFileType = text.plist.xml; path = Info.plist; sourceTree = "<group>"; };
		8DA717CB23482EFC00EF6047 /* PetAdpotionTests.xctest */ = {isa = PBXFileReference; explicitFileType = wrapper.cfbundle; includeInIndex = 0; path = PetAdpotionTests.xctest; sourceTree = BUILT_PRODUCTS_DIR; };
		8DA717CF23482EFC00EF6047 /* PetAdpotionTests.swift */ = {isa = PBXFileReference; lastKnownFileType = sourcecode.swift; path = PetAdpotionTests.swift; sourceTree = "<group>"; };
		8DA717D123482EFC00EF6047 /* Info.plist */ = {isa = PBXFileReference; lastKnownFileType = text.plist.xml; path = Info.plist; sourceTree = "<group>"; };
		8DA717D623482EFC00EF6047 /* PetAdpotionUITests.xctest */ = {isa = PBXFileReference; explicitFileType = wrapper.cfbundle; includeInIndex = 0; path = PetAdpotionUITests.xctest; sourceTree = BUILT_PRODUCTS_DIR; };
		8DA717DA23482EFC00EF6047 /* PetAdpotionUITests.swift */ = {isa = PBXFileReference; lastKnownFileType = sourcecode.swift; path = PetAdpotionUITests.swift; sourceTree = "<group>"; };
		8DA717DC23482EFC00EF6047 /* Info.plist */ = {isa = PBXFileReference; lastKnownFileType = text.plist.xml; path = Info.plist; sourceTree = "<group>"; };
		8DA717EE23482FE100EF6047 /* BaseVO.swift */ = {isa = PBXFileReference; lastKnownFileType = sourcecode.swift; path = BaseVO.swift; sourceTree = "<group>"; };
		8DA717F023482FF200EF6047 /* BaseModel.swift */ = {isa = PBXFileReference; lastKnownFileType = sourcecode.swift; path = BaseModel.swift; sourceTree = "<group>"; };
		8DA717F42348302900EF6047 /* BaseApiClient.swift */ = {isa = PBXFileReference; lastKnownFileType = sourcecode.swift; path = BaseApiClient.swift; sourceTree = "<group>"; };
		8DA717F62348306A00EF6047 /* SharedApiClient.swift */ = {isa = PBXFileReference; lastKnownFileType = sourcecode.swift; path = SharedApiClient.swift; sourceTree = "<group>"; };
		8DA717F82348308000EF6047 /* IApiClient.swift */ = {isa = PBXFileReference; lastKnownFileType = sourcecode.swift; path = IApiClient.swift; sourceTree = "<group>"; };
		8DA717FA234830DB00EF6047 /* AppConstants.swift */ = {isa = PBXFileReference; lastKnownFileType = sourcecode.swift; path = AppConstants.swift; sourceTree = "<group>"; };
		8DA717FC234830FE00EF6047 /* UserDefUtils.swift */ = {isa = PBXFileReference; lastKnownFileType = sourcecode.swift; path = UserDefUtils.swift; sourceTree = "<group>"; };
		8DA717FE2348313200EF6047 /* Extensions.swift */ = {isa = PBXFileReference; lastKnownFileType = sourcecode.swift; path = Extensions.swift; sourceTree = "<group>"; };
		8DA718042348319000EF6047 /* BaseCollectionViewCell.swift */ = {isa = PBXFileReference; lastKnownFileType = sourcecode.swift; path = BaseCollectionViewCell.swift; sourceTree = "<group>"; };
		8DA71806234831A000EF6047 /* BaseTableViewCell.swift */ = {isa = PBXFileReference; lastKnownFileType = sourcecode.swift; path = BaseTableViewCell.swift; sourceTree = "<group>"; };
		8DA71808234831A700EF6047 /* View.xib */ = {isa = PBXFileReference; lastKnownFileType = file.xib; path = View.xib; sourceTree = "<group>"; };
		8DA7180C2348332700EF6047 /* BasePresenter.swift */ = {isa = PBXFileReference; lastKnownFileType = sourcecode.swift; path = BasePresenter.swift; sourceTree = "<group>"; };
		8DA718112348334400EF6047 /* BaseView.swift */ = {isa = PBXFileReference; lastKnownFileType = sourcecode.swift; path = BaseView.swift; sourceTree = "<group>"; };
		8DA7181823489A2900EF6047 /* CardView.swift */ = {isa = PBXFileReference; lastKnownFileType = sourcecode.swift; path = CardView.swift; sourceTree = "<group>"; };
		8DA7181A2348A32000EF6047 /* LoginPresenter.swift */ = {isa = PBXFileReference; lastKnownFileType = sourcecode.swift; path = LoginPresenter.swift; sourceTree = "<group>"; };
		8DA7181C2348A33400EF6047 /* LoginView.swift */ = {isa = PBXFileReference; lastKnownFileType = sourcecode.swift; path = LoginView.swift; sourceTree = "<group>"; };
		8DA7181E2348A38500EF6047 /* LoginPresenterImpl.swift */ = {isa = PBXFileReference; lastKnownFileType = sourcecode.swift; path = LoginPresenterImpl.swift; sourceTree = "<group>"; };
		8DA7182023497DD500EF6047 /* PetListViewController.swift */ = {isa = PBXFileReference; lastKnownFileType = sourcecode.swift; path = PetListViewController.swift; sourceTree = "<group>"; };
		8DA7182223497F7900EF6047 /* CategoryCollectionViewCell.swift */ = {isa = PBXFileReference; lastKnownFileType = sourcecode.swift; path = CategoryCollectionViewCell.swift; sourceTree = "<group>"; };
		8DA7182323497F7900EF6047 /* CategoryCollectionViewCell.xib */ = {isa = PBXFileReference; lastKnownFileType = file.xib; path = CategoryCollectionViewCell.xib; sourceTree = "<group>"; };
		8DA7182623498A3500EF6047 /* PetTableViewCell.swift */ = {isa = PBXFileReference; lastKnownFileType = sourcecode.swift; path = PetTableViewCell.swift; sourceTree = "<group>"; };
		8DA7182723498A3500EF6047 /* PetTableViewCell.xib */ = {isa = PBXFileReference; lastKnownFileType = file.xib; path = PetTableViewCell.xib; sourceTree = "<group>"; };
		8DBA246A2349A7F300B03AF4 /* SideMenuViewController.swift */ = {isa = PBXFileReference; lastKnownFileType = sourcecode.swift; path = SideMenuViewController.swift; sourceTree = "<group>"; };
		9E344C6300915560CA1954F7 /* Pods-PetAdpotionTests.debug.xcconfig */ = {isa = PBXFileReference; includeInIndex = 1; lastKnownFileType = text.xcconfig; name = "Pods-PetAdpotionTests.debug.xcconfig"; path = "Target Support Files/Pods-PetAdpotionTests/Pods-PetAdpotionTests.debug.xcconfig"; sourceTree = "<group>"; };
		B27E5A246086ABBBA199EA69 /* Pods-PetAdpotion.debug.xcconfig */ = {isa = PBXFileReference; includeInIndex = 1; lastKnownFileType = text.xcconfig; name = "Pods-PetAdpotion.debug.xcconfig"; path = "Target Support Files/Pods-PetAdpotion/Pods-PetAdpotion.debug.xcconfig"; sourceTree = "<group>"; };
		B5203DEDF0B8C536BC5CE243 /* Pods-PetAdpotionTests.release.xcconfig */ = {isa = PBXFileReference; includeInIndex = 1; lastKnownFileType = text.xcconfig; name = "Pods-PetAdpotionTests.release.xcconfig"; path = "Target Support Files/Pods-PetAdpotionTests/Pods-PetAdpotionTests.release.xcconfig"; sourceTree = "<group>"; };
		BE6BA3FC956EAD0BE4431349 /* Pods-PetAdpotionUITests.release.xcconfig */ = {isa = PBXFileReference; includeInIndex = 1; lastKnownFileType = text.xcconfig; name = "Pods-PetAdpotionUITests.release.xcconfig"; path = "Target Support Files/Pods-PetAdpotionUITests/Pods-PetAdpotionUITests.release.xcconfig"; sourceTree = "<group>"; };
		E11D67ECBC10D6E244255EF9 /* Pods_PetAdpotionUITests.framework */ = {isa = PBXFileReference; explicitFileType = wrapper.framework; includeInIndex = 0; path = Pods_PetAdpotionUITests.framework; sourceTree = BUILT_PRODUCTS_DIR; };
/* End PBXFileReference section */

/* Begin PBXFrameworksBuildPhase section */
		8DA717B423482EF800EF6047 /* Frameworks */ = {
			isa = PBXFrameworksBuildPhase;
			buildActionMask = 2147483647;
			files = (
				CB2D1DDB20040DB182827FC3 /* Pods_PetAdpotion.framework in Frameworks */,
			);
			runOnlyForDeploymentPostprocessing = 0;
		};
		8DA717C823482EFC00EF6047 /* Frameworks */ = {
			isa = PBXFrameworksBuildPhase;
			buildActionMask = 2147483647;
			files = (
				4F603A62BA8D104D423D39C6 /* Pods_PetAdpotionTests.framework in Frameworks */,
			);
			runOnlyForDeploymentPostprocessing = 0;
		};
		8DA717D323482EFC00EF6047 /* Frameworks */ = {
			isa = PBXFrameworksBuildPhase;
			buildActionMask = 2147483647;
			files = (
				0C6261505F5520CD9179D75B /* Pods_PetAdpotionUITests.framework in Frameworks */,
			);
			runOnlyForDeploymentPostprocessing = 0;
		};
/* End PBXFrameworksBuildPhase section */

/* Begin PBXGroup section */
		15AAFE42F47735C987EDCAE9 /* Frameworks */ = {
			isa = PBXGroup;
			children = (
				3F4F3EEEE27D51E81F5F2433 /* Pods_PetAdpotion.framework */,
				4775848B31292B4E19F51FD4 /* Pods_PetAdpotionTests.framework */,
				E11D67ECBC10D6E244255EF9 /* Pods_PetAdpotionUITests.framework */,
			);
			name = Frameworks;
			sourceTree = "<group>";
		};
		8D10E87B2376DB9C00718B9C /* viewmodels */ = {
			isa = PBXGroup;
			children = (
				8D10E87C2376DBC000718B9C /* BaseViewModel.swift */,
				8D10E87E2376DBE400718B9C /* PetListViewModel.swift */,
			);
			path = viewmodels;
			sourceTree = "<group>";
		};
		8D8DD9CE2349E8F500B9191B /* responses */ = {
			isa = PBXGroup;
			children = (
				8D8DD9CF2349E90500B9191B /* BaseResponse.swift */,
				8D8DD9D12349E95600B9191B /* GetAllPetCategoryResponse.swift */,
				8D10E8792376C83900718B9C /* ErrorResponse.swift */,
				8D10E8892377EAAA00718B9C /* GetAllCatsResponse.swift */,
			);
			path = responses;
			sourceTree = "<group>";
		};
		8DA717AE23482EF800EF6047 = {
			isa = PBXGroup;
			children = (
				8DA717B923482EF800EF6047 /* PetAdpotion */,
				8DA717CE23482EFC00EF6047 /* PetAdpotionTests */,
				8DA717D923482EFC00EF6047 /* PetAdpotionUITests */,
				8DA717B823482EF800EF6047 /* Products */,
				EB9C16454E8E6B60FF222A60 /* Pods */,
				15AAFE42F47735C987EDCAE9 /* Frameworks */,
			);
			sourceTree = "<group>";
		};
		8DA717B823482EF800EF6047 /* Products */ = {
			isa = PBXGroup;
			children = (
				8DA717B723482EF800EF6047 /* PetAdpotion.app */,
				8DA717CB23482EFC00EF6047 /* PetAdpotionTests.xctest */,
				8DA717D623482EFC00EF6047 /* PetAdpotionUITests.xctest */,
			);
			name = Products;
			sourceTree = "<group>";
		};
		8DA717B923482EF800EF6047 /* PetAdpotion */ = {
			isa = PBXGroup;
			children = (
				8DA71817234899F500EF6047 /* components */,
				8DA7180B2348331B00EF6047 /* mvp */,
				8DA718002348316F00EF6047 /*  cells */,
				8DA717F32348301100EF6047 /* utils */,
				8DA717F22348300B00EF6047 /* network */,
				8DA717E923482FAE00EF6047 /* data */,
				8DA717BA23482EF800EF6047 /* AppDelegate.swift */,
				8DA717EB23482FC400EF6047 /* viewcontrollers */,
				8DA717BE23482EF800EF6047 /* Main.storyboard */,
				8DA717C123482EFC00EF6047 /* Assets.xcassets */,
				8DA717C323482EFC00EF6047 /* LaunchScreen.storyboard */,
				8DA717C623482EFC00EF6047 /* Info.plist */,
			);
			path = PetAdpotion;
			sourceTree = "<group>";
		};
		8DA717CE23482EFC00EF6047 /* PetAdpotionTests */ = {
			isa = PBXGroup;
			children = (
				8DA717CF23482EFC00EF6047 /* PetAdpotionTests.swift */,
				8DA717D123482EFC00EF6047 /* Info.plist */,
			);
			path = PetAdpotionTests;
			sourceTree = "<group>";
		};
		8DA717D923482EFC00EF6047 /* PetAdpotionUITests */ = {
			isa = PBXGroup;
			children = (
				8DA717DA23482EFC00EF6047 /* PetAdpotionUITests.swift */,
				8DA717DC23482EFC00EF6047 /* Info.plist */,
			);
			path = PetAdpotionUITests;
			sourceTree = "<group>";
		};
		8DA717E923482FAE00EF6047 /* data */ = {
			isa = PBXGroup;
			children = (
				8DA717ED23482FD100EF6047 /* models */,
				8DA717EC23482FCE00EF6047 /* vos */,
			);
			path = data;
			sourceTree = "<group>";
		};
		8DA717EB23482FC400EF6047 /* viewcontrollers */ = {
			isa = PBXGroup;
			children = (
				8DA717BC23482EF800EF6047 /* ViewController.swift */,
				8DA7182023497DD500EF6047 /* PetListViewController.swift */,
			);
			path = viewcontrollers;
			sourceTree = "<group>";
		};
		8DA717EC23482FCE00EF6047 /* vos */ = {
			isa = PBXGroup;
			children = (
				8DA717EE23482FE100EF6047 /* BaseVO.swift */,
				8D8DD9D32349E98900B9191B /* CategoryVO.swift */,
				8D10E88B2377EAE500718B9C /* CatsVO.swift */,
			);
			path = vos;
			sourceTree = "<group>";
		};
		8DA717ED23482FD100EF6047 /* models */ = {
			isa = PBXGroup;
			children = (
				8DA717F023482FF200EF6047 /* BaseModel.swift */,
				8D8DD9DB2349FFCB00B9191B /* RemoteModel.swift */,
				8D8DD9DD234A005D00B9191B /* RemoteModelImpl.swift */,
			);
			path = models;
			sourceTree = "<group>";
		};
		8DA717F22348300B00EF6047 /* network */ = {
			isa = PBXGroup;
			children = (
				8D8DD9CE2349E8F500B9191B /* responses */,
				8DA717F42348302900EF6047 /* BaseApiClient.swift */,
				8DA717F62348306A00EF6047 /* SharedApiClient.swift */,
				8DA717F82348308000EF6047 /* IApiClient.swift */,
			);
			path = network;
			sourceTree = "<group>";
		};
		8DA717F32348301100EF6047 /* utils */ = {
			isa = PBXGroup;
			children = (
				8DA717FA234830DB00EF6047 /* AppConstants.swift */,
				8DA717FC234830FE00EF6047 /* UserDefUtils.swift */,
				8DA717FE2348313200EF6047 /* Extensions.swift */,
			);
			path = utils;
			sourceTree = "<group>";
		};
		8DA718002348316F00EF6047 /*  cells */ = {
			isa = PBXGroup;
			children = (
				8DA718032348318200EF6047 /* xibs */,
				8DA718012348317700EF6047 /* swifts */,
			);
			path = " cells";
			sourceTree = "<group>";
		};
		8DA718012348317700EF6047 /* swifts */ = {
			isa = PBXGroup;
			children = (
				8DA718042348319000EF6047 /* BaseCollectionViewCell.swift */,
				8DA71806234831A000EF6047 /* BaseTableViewCell.swift */,
			);
			path = swifts;
			sourceTree = "<group>";
		};
		8DA718032348318200EF6047 /* xibs */ = {
			isa = PBXGroup;
			children = (
				8DA71808234831A700EF6047 /* View.xib */,
				8DA7182223497F7900EF6047 /* CategoryCollectionViewCell.swift */,
				8DA7182323497F7900EF6047 /* CategoryCollectionViewCell.xib */,
				8DA7182623498A3500EF6047 /* PetTableViewCell.swift */,
				8DA7182723498A3500EF6047 /* PetTableViewCell.xib */,
			);
			path = xibs;
			sourceTree = "<group>";
		};
		8DA7180B2348331B00EF6047 /* mvp */ = {
			isa = PBXGroup;
			children = (
				8D10E87B2376DB9C00718B9C /* viewmodels */,
				8DA718102348333C00EF6047 /* views */,
				8DA7180E2348332D00EF6047 /* presenters */,
			);
			path = mvp;
			sourceTree = "<group>";
		};
		8DA7180E2348332D00EF6047 /* presenters */ = {
			isa = PBXGroup;
			children = (
				8DA7180C2348332700EF6047 /* BasePresenter.swift */,
				8DA7181A2348A32000EF6047 /* LoginPresenter.swift */,
				8DA7181E2348A38500EF6047 /* LoginPresenterImpl.swift */,
				8D8DD9D72349FE9000B9191B /* PetListPresenter.swift */,
				8D8DD9D92349FEDD00B9191B /* PetListPresenterImpl.swift */,
			);
			path = presenters;
			sourceTree = "<group>";
		};
		8DA718102348333C00EF6047 /* views */ = {
			isa = PBXGroup;
			children = (
				8DA718112348334400EF6047 /* BaseView.swift */,
				8DA7181C2348A33400EF6047 /* LoginView.swift */,
				8D8DD9D52349FE6F00B9191B /* PetListView.swift */,
			);
			path = views;
			sourceTree = "<group>";
		};
		8DA71817234899F500EF6047 /* components */ = {
			isa = PBXGroup;
			children = (
				8DA7181823489A2900EF6047 /* CardView.swift */,
				8DBA246A2349A7F300B03AF4 /* SideMenuViewController.swift */,
			);
			path = components;
			sourceTree = "<group>";
		};
		EB9C16454E8E6B60FF222A60 /* Pods */ = {
			isa = PBXGroup;
			children = (
				B27E5A246086ABBBA199EA69 /* Pods-PetAdpotion.debug.xcconfig */,
				6F661F4BAAE86027272DB620 /* Pods-PetAdpotion.release.xcconfig */,
				9E344C6300915560CA1954F7 /* Pods-PetAdpotionTests.debug.xcconfig */,
				B5203DEDF0B8C536BC5CE243 /* Pods-PetAdpotionTests.release.xcconfig */,
				81F6F69728E9E9744B70C1E8 /* Pods-PetAdpotionUITests.debug.xcconfig */,
				BE6BA3FC956EAD0BE4431349 /* Pods-PetAdpotionUITests.release.xcconfig */,
			);
			path = Pods;
			sourceTree = "<group>";
		};
/* End PBXGroup section */

/* Begin PBXNativeTarget section */
		8DA717B623482EF800EF6047 /* PetAdpotion */ = {
			isa = PBXNativeTarget;
			buildConfigurationList = 8DA717DF23482EFC00EF6047 /* Build configuration list for PBXNativeTarget "PetAdpotion" */;
			buildPhases = (
				68D4F0E36787F7B6A928CF2D /* [CP] Check Pods Manifest.lock */,
				8DA717B323482EF800EF6047 /* Sources */,
				8DA717B423482EF800EF6047 /* Frameworks */,
				8DA717B523482EF800EF6047 /* Resources */,
				1DF2B2C9F8908C8E31A96B6F /* [CP] Embed Pods Frameworks */,
			);
			buildRules = (
			);
			dependencies = (
			);
			name = PetAdpotion;
			productName = PetAdpotion;
			productReference = 8DA717B723482EF800EF6047 /* PetAdpotion.app */;
			productType = "com.apple.product-type.application";
		};
		8DA717CA23482EFC00EF6047 /* PetAdpotionTests */ = {
			isa = PBXNativeTarget;
			buildConfigurationList = 8DA717E223482EFC00EF6047 /* Build configuration list for PBXNativeTarget "PetAdpotionTests" */;
			buildPhases = (
				744D557B385B5F4AB70F84B1 /* [CP] Check Pods Manifest.lock */,
				8DA717C723482EFC00EF6047 /* Sources */,
				8DA717C823482EFC00EF6047 /* Frameworks */,
				8DA717C923482EFC00EF6047 /* Resources */,
				3C2C6C173CC9EB4AF9E1939A /* [CP] Embed Pods Frameworks */,
			);
			buildRules = (
			);
			dependencies = (
				8DA717CD23482EFC00EF6047 /* PBXTargetDependency */,
			);
			name = PetAdpotionTests;
			productName = PetAdpotionTests;
			productReference = 8DA717CB23482EFC00EF6047 /* PetAdpotionTests.xctest */;
			productType = "com.apple.product-type.bundle.unit-test";
		};
		8DA717D523482EFC00EF6047 /* PetAdpotionUITests */ = {
			isa = PBXNativeTarget;
			buildConfigurationList = 8DA717E523482EFC00EF6047 /* Build configuration list for PBXNativeTarget "PetAdpotionUITests" */;
			buildPhases = (
				26FB0F37BF97C9AFE97930BC /* [CP] Check Pods Manifest.lock */,
				8DA717D223482EFC00EF6047 /* Sources */,
				8DA717D323482EFC00EF6047 /* Frameworks */,
				8DA717D423482EFC00EF6047 /* Resources */,
				FBB62657C8E1B5DD87C3DD9D /* [CP] Embed Pods Frameworks */,
			);
			buildRules = (
			);
			dependencies = (
				8DA717D823482EFC00EF6047 /* PBXTargetDependency */,
			);
			name = PetAdpotionUITests;
			productName = PetAdpotionUITests;
			productReference = 8DA717D623482EFC00EF6047 /* PetAdpotionUITests.xctest */;
			productType = "com.apple.product-type.bundle.ui-testing";
		};
/* End PBXNativeTarget section */

/* Begin PBXProject section */
		8DA717AF23482EF800EF6047 /* Project object */ = {
			isa = PBXProject;
			attributes = {
				LastSwiftUpdateCheck = 1020;
				LastUpgradeCheck = 1020;
				ORGANIZATIONNAME = "Phyo Thiha";
				TargetAttributes = {
					8DA717B623482EF800EF6047 = {
						CreatedOnToolsVersion = 10.2.1;
					};
					8DA717CA23482EFC00EF6047 = {
						CreatedOnToolsVersion = 10.2.1;
						TestTargetID = 8DA717B623482EF800EF6047;
					};
					8DA717D523482EFC00EF6047 = {
						CreatedOnToolsVersion = 10.2.1;
						TestTargetID = 8DA717B623482EF800EF6047;
					};
				};
			};
			buildConfigurationList = 8DA717B223482EF800EF6047 /* Build configuration list for PBXProject "PetAdpotion" */;
			compatibilityVersion = "Xcode 9.3";
			developmentRegion = en;
			hasScannedForEncodings = 0;
			knownRegions = (
				en,
				Base,
			);
			mainGroup = 8DA717AE23482EF800EF6047;
			productRefGroup = 8DA717B823482EF800EF6047 /* Products */;
			projectDirPath = "";
			projectRoot = "";
			targets = (
				8DA717B623482EF800EF6047 /* PetAdpotion */,
				8DA717CA23482EFC00EF6047 /* PetAdpotionTests */,
				8DA717D523482EFC00EF6047 /* PetAdpotionUITests */,
			);
		};
/* End PBXProject section */

/* Begin PBXResourcesBuildPhase section */
		8DA717B523482EF800EF6047 /* Resources */ = {
			isa = PBXResourcesBuildPhase;
			buildActionMask = 2147483647;
			files = (
				8DA71809234831A700EF6047 /* View.xib in Resources */,
				8DA7182523497F7900EF6047 /* CategoryCollectionViewCell.xib in Resources */,
				8DA717C523482EFC00EF6047 /* LaunchScreen.storyboard in Resources */,
				8DA7182923498A3500EF6047 /* PetTableViewCell.xib in Resources */,
				8DA717C223482EFC00EF6047 /* Assets.xcassets in Resources */,
				8DA717C023482EF800EF6047 /* Main.storyboard in Resources */,
			);
			runOnlyForDeploymentPostprocessing = 0;
		};
		8DA717C923482EFC00EF6047 /* Resources */ = {
			isa = PBXResourcesBuildPhase;
			buildActionMask = 2147483647;
			files = (
			);
			runOnlyForDeploymentPostprocessing = 0;
		};
		8DA717D423482EFC00EF6047 /* Resources */ = {
			isa = PBXResourcesBuildPhase;
			buildActionMask = 2147483647;
			files = (
			);
			runOnlyForDeploymentPostprocessing = 0;
		};
/* End PBXResourcesBuildPhase section */

/* Begin PBXShellScriptBuildPhase section */
		1DF2B2C9F8908C8E31A96B6F /* [CP] Embed Pods Frameworks */ = {
			isa = PBXShellScriptBuildPhase;
			buildActionMask = 2147483647;
			files = (
			);
			inputFileListPaths = (
				"${PODS_ROOT}/Target Support Files/Pods-PetAdpotion/Pods-PetAdpotion-frameworks-${CONFIGURATION}-input-files.xcfilelist",
			);
			name = "[CP] Embed Pods Frameworks";
			outputFileListPaths = (
				"${PODS_ROOT}/Target Support Files/Pods-PetAdpotion/Pods-PetAdpotion-frameworks-${CONFIGURATION}-output-files.xcfilelist",
			);
			runOnlyForDeploymentPostprocessing = 0;
			shellPath = /bin/sh;
			shellScript = "\"${PODS_ROOT}/Target Support Files/Pods-PetAdpotion/Pods-PetAdpotion-frameworks.sh\"\n";
			showEnvVarsInLog = 0;
		};
		26FB0F37BF97C9AFE97930BC /* [CP] Check Pods Manifest.lock */ = {
			isa = PBXShellScriptBuildPhase;
			buildActionMask = 2147483647;
			files = (
			);
			inputFileListPaths = (
			);
			inputPaths = (
				"${PODS_PODFILE_DIR_PATH}/Podfile.lock",
				"${PODS_ROOT}/Manifest.lock",
			);
			name = "[CP] Check Pods Manifest.lock";
			outputFileListPaths = (
			);
			outputPaths = (
				"$(DERIVED_FILE_DIR)/Pods-PetAdpotionUITests-checkManifestLockResult.txt",
			);
			runOnlyForDeploymentPostprocessing = 0;
			shellPath = /bin/sh;
			shellScript = "diff \"${PODS_PODFILE_DIR_PATH}/Podfile.lock\" \"${PODS_ROOT}/Manifest.lock\" > /dev/null\nif [ $? != 0 ] ; then\n    # print error to STDERR\n    echo \"error: The sandbox is not in sync with the Podfile.lock. Run 'pod install' or update your CocoaPods installation.\" >&2\n    exit 1\nfi\n# This output is used by Xcode 'outputs' to avoid re-running this script phase.\necho \"SUCCESS\" > \"${SCRIPT_OUTPUT_FILE_0}\"\n";
			showEnvVarsInLog = 0;
		};
		3C2C6C173CC9EB4AF9E1939A /* [CP] Embed Pods Frameworks */ = {
			isa = PBXShellScriptBuildPhase;
			buildActionMask = 2147483647;
			files = (
			);
			inputFileListPaths = (
				"${PODS_ROOT}/Target Support Files/Pods-PetAdpotionTests/Pods-PetAdpotionTests-frameworks-${CONFIGURATION}-input-files.xcfilelist",
			);
			name = "[CP] Embed Pods Frameworks";
			outputFileListPaths = (
				"${PODS_ROOT}/Target Support Files/Pods-PetAdpotionTests/Pods-PetAdpotionTests-frameworks-${CONFIGURATION}-output-files.xcfilelist",
			);
			runOnlyForDeploymentPostprocessing = 0;
			shellPath = /bin/sh;
			shellScript = "\"${PODS_ROOT}/Target Support Files/Pods-PetAdpotionTests/Pods-PetAdpotionTests-frameworks.sh\"\n";
			showEnvVarsInLog = 0;
		};
		68D4F0E36787F7B6A928CF2D /* [CP] Check Pods Manifest.lock */ = {
			isa = PBXShellScriptBuildPhase;
			buildActionMask = 2147483647;
			files = (
			);
			inputFileListPaths = (
			);
			inputPaths = (
				"${PODS_PODFILE_DIR_PATH}/Podfile.lock",
				"${PODS_ROOT}/Manifest.lock",
			);
			name = "[CP] Check Pods Manifest.lock";
			outputFileListPaths = (
			);
			outputPaths = (
				"$(DERIVED_FILE_DIR)/Pods-PetAdpotion-checkManifestLockResult.txt",
			);
			runOnlyForDeploymentPostprocessing = 0;
			shellPath = /bin/sh;
			shellScript = "diff \"${PODS_PODFILE_DIR_PATH}/Podfile.lock\" \"${PODS_ROOT}/Manifest.lock\" > /dev/null\nif [ $? != 0 ] ; then\n    # print error to STDERR\n    echo \"error: The sandbox is not in sync with the Podfile.lock. Run 'pod install' or update your CocoaPods installation.\" >&2\n    exit 1\nfi\n# This output is used by Xcode 'outputs' to avoid re-running this script phase.\necho \"SUCCESS\" > \"${SCRIPT_OUTPUT_FILE_0}\"\n";
			showEnvVarsInLog = 0;
		};
		744D557B385B5F4AB70F84B1 /* [CP] Check Pods Manifest.lock */ = {
			isa = PBXShellScriptBuildPhase;
			buildActionMask = 2147483647;
			files = (
			);
			inputFileListPaths = (
			);
			inputPaths = (
				"${PODS_PODFILE_DIR_PATH}/Podfile.lock",
				"${PODS_ROOT}/Manifest.lock",
			);
			name = "[CP] Check Pods Manifest.lock";
			outputFileListPaths = (
			);
			outputPaths = (
				"$(DERIVED_FILE_DIR)/Pods-PetAdpotionTests-checkManifestLockResult.txt",
			);
			runOnlyForDeploymentPostprocessing = 0;
			shellPath = /bin/sh;
			shellScript = "diff \"${PODS_PODFILE_DIR_PATH}/Podfile.lock\" \"${PODS_ROOT}/Manifest.lock\" > /dev/null\nif [ $? != 0 ] ; then\n    # print error to STDERR\n    echo \"error: The sandbox is not in sync with the Podfile.lock. Run 'pod install' or update your CocoaPods installation.\" >&2\n    exit 1\nfi\n# This output is used by Xcode 'outputs' to avoid re-running this script phase.\necho \"SUCCESS\" > \"${SCRIPT_OUTPUT_FILE_0}\"\n";
			showEnvVarsInLog = 0;
		};
		FBB62657C8E1B5DD87C3DD9D /* [CP] Embed Pods Frameworks */ = {
			isa = PBXShellScriptBuildPhase;
			buildActionMask = 2147483647;
			files = (
			);
			inputFileListPaths = (
				"${PODS_ROOT}/Target Support Files/Pods-PetAdpotionUITests/Pods-PetAdpotionUITests-frameworks-${CONFIGURATION}-input-files.xcfilelist",
			);
			name = "[CP] Embed Pods Frameworks";
			outputFileListPaths = (
				"${PODS_ROOT}/Target Support Files/Pods-PetAdpotionUITests/Pods-PetAdpotionUITests-frameworks-${CONFIGURATION}-output-files.xcfilelist",
			);
			runOnlyForDeploymentPostprocessing = 0;
			shellPath = /bin/sh;
			shellScript = "\"${PODS_ROOT}/Target Support Files/Pods-PetAdpotionUITests/Pods-PetAdpotionUITests-frameworks.sh\"\n";
			showEnvVarsInLog = 0;
		};
/* End PBXShellScriptBuildPhase section */

/* Begin PBXSourcesBuildPhase section */
		8DA717B323482EF800EF6047 /* Sources */ = {
			isa = PBXSourcesBuildPhase;
			buildActionMask = 2147483647;
			files = (
				8D8DD9DA2349FEDD00B9191B /* PetListPresenterImpl.swift in Sources */,
				8D8DD9DE234A005D00B9191B /* RemoteModelImpl.swift in Sources */,
				8D10E88A2377EAAA00718B9C /* GetAllCatsResponse.swift in Sources */,
				8D8DD9D42349E98900B9191B /* CategoryVO.swift in Sources */,
				8D10E87A2376C83900718B9C /* ErrorResponse.swift in Sources */,
				8D10E87F2376DBE400718B9C /* PetListViewModel.swift in Sources */,
				8DA7181B2348A32000EF6047 /* LoginPresenter.swift in Sources */,
				8D8DD9D22349E95600B9191B /* GetAllPetCategoryResponse.swift in Sources */,
				8DA717F72348306A00EF6047 /* SharedApiClient.swift in Sources */,
				8DA717F52348302900EF6047 /* BaseApiClient.swift in Sources */,
				8DA717BD23482EF800EF6047 /* ViewController.swift in Sources */,
				8DBA246B2349A7F300B03AF4 /* SideMenuViewController.swift in Sources */,
				8DA717FB234830DB00EF6047 /* AppConstants.swift in Sources */,
				8D8DD9D62349FE6F00B9191B /* PetListView.swift in Sources */,
				8D8DD9DC2349FFCB00B9191B /* RemoteModel.swift in Sources */,
				8DA7181923489A2900EF6047 /* CardView.swift in Sources */,
				8DA71807234831A000EF6047 /* BaseTableViewCell.swift in Sources */,
				8DA718052348319000EF6047 /* BaseCollectionViewCell.swift in Sources */,
				8DA7181F2348A38500EF6047 /* LoginPresenterImpl.swift in Sources */,
				8DA717EF23482FE100EF6047 /* BaseVO.swift in Sources */,
				8DA717FF2348313200EF6047 /* Extensions.swift in Sources */,
				8DA7181D2348A33400EF6047 /* LoginView.swift in Sources */,
				8D8DD9D82349FE9000B9191B /* PetListPresenter.swift in Sources */,
				8D10E87D2376DBC000718B9C /* BaseViewModel.swift in Sources */,
				8DA7180D2348332700EF6047 /* BasePresenter.swift in Sources */,
				8DA717F123482FF200EF6047 /* BaseModel.swift in Sources */,
				8DA717FD234830FF00EF6047 /* UserDefUtils.swift in Sources */,
				8DA718122348334400EF6047 /* BaseView.swift in Sources */,
				8DA7182423497F7900EF6047 /* CategoryCollectionViewCell.swift in Sources */,
				8DA717F92348308000EF6047 /* IApiClient.swift in Sources */,
				8DA7182123497DD600EF6047 /* PetListViewController.swift in Sources */,
				8DA7182823498A3500EF6047 /* PetTableViewCell.swift in Sources */,
				8DA717BB23482EF800EF6047 /* AppDelegate.swift in Sources */,
				8D8DD9D02349E90500B9191B /* BaseResponse.swift in Sources */,
				8D10E88C2377EAE500718B9C /* CatsVO.swift in Sources */,
			);
			runOnlyForDeploymentPostprocessing = 0;
		};
		8DA717C723482EFC00EF6047 /* Sources */ = {
			isa = PBXSourcesBuildPhase;
			buildActionMask = 2147483647;
			files = (
				8DA717D023482EFC00EF6047 /* PetAdpotionTests.swift in Sources */,
			);
			runOnlyForDeploymentPostprocessing = 0;
		};
		8DA717D223482EFC00EF6047 /* Sources */ = {
			isa = PBXSourcesBuildPhase;
			buildActionMask = 2147483647;
			files = (
				8DA717DB23482EFC00EF6047 /* PetAdpotionUITests.swift in Sources */,
			);
			runOnlyForDeploymentPostprocessing = 0;
		};
/* End PBXSourcesBuildPhase section */

/* Begin PBXTargetDependency section */
		8DA717CD23482EFC00EF6047 /* PBXTargetDependency */ = {
			isa = PBXTargetDependency;
			target = 8DA717B623482EF800EF6047 /* PetAdpotion */;
			targetProxy = 8DA717CC23482EFC00EF6047 /* PBXContainerItemProxy */;
		};
		8DA717D823482EFC00EF6047 /* PBXTargetDependency */ = {
			isa = PBXTargetDependency;
			target = 8DA717B623482EF800EF6047 /* PetAdpotion */;
			targetProxy = 8DA717D723482EFC00EF6047 /* PBXContainerItemProxy */;
		};
/* End PBXTargetDependency section */

/* Begin PBXVariantGroup section */
		8DA717BE23482EF800EF6047 /* Main.storyboard */ = {
			isa = PBXVariantGroup;
			children = (
				8DA717BF23482EF800EF6047 /* Base */,
			);
			name = Main.storyboard;
			sourceTree = "<group>";
		};
		8DA717C323482EFC00EF6047 /* LaunchScreen.storyboard */ = {
			isa = PBXVariantGroup;
			children = (
				8DA717C423482EFC00EF6047 /* Base */,
			);
			name = LaunchScreen.storyboard;
			sourceTree = "<group>";
		};
/* End PBXVariantGroup section */

/* Begin XCBuildConfiguration section */
		8DA717DD23482EFC00EF6047 /* Debug */ = {
			isa = XCBuildConfiguration;
			buildSettings = {
				ALWAYS_SEARCH_USER_PATHS = NO;
				CLANG_ANALYZER_NONNULL = YES;
				CLANG_ANALYZER_NUMBER_OBJECT_CONVERSION = YES_AGGRESSIVE;
				CLANG_CXX_LANGUAGE_STANDARD = "gnu++14";
				CLANG_CXX_LIBRARY = "libc++";
				CLANG_ENABLE_MODULES = YES;
				CLANG_ENABLE_OBJC_ARC = YES;
				CLANG_ENABLE_OBJC_WEAK = YES;
				CLANG_WARN_BLOCK_CAPTURE_AUTORELEASING = YES;
				CLANG_WARN_BOOL_CONVERSION = YES;
				CLANG_WARN_COMMA = YES;
				CLANG_WARN_CONSTANT_CONVERSION = YES;
				CLANG_WARN_DEPRECATED_OBJC_IMPLEMENTATIONS = YES;
				CLANG_WARN_DIRECT_OBJC_ISA_USAGE = YES_ERROR;
				CLANG_WARN_DOCUMENTATION_COMMENTS = YES;
				CLANG_WARN_EMPTY_BODY = YES;
				CLANG_WARN_ENUM_CONVERSION = YES;
				CLANG_WARN_INFINITE_RECURSION = YES;
				CLANG_WARN_INT_CONVERSION = YES;
				CLANG_WARN_NON_LITERAL_NULL_CONVERSION = YES;
				CLANG_WARN_OBJC_IMPLICIT_RETAIN_SELF = YES;
				CLANG_WARN_OBJC_LITERAL_CONVERSION = YES;
				CLANG_WARN_OBJC_ROOT_CLASS = YES_ERROR;
				CLANG_WARN_RANGE_LOOP_ANALYSIS = YES;
				CLANG_WARN_STRICT_PROTOTYPES = YES;
				CLANG_WARN_SUSPICIOUS_MOVE = YES;
				CLANG_WARN_UNGUARDED_AVAILABILITY = YES_AGGRESSIVE;
				CLANG_WARN_UNREACHABLE_CODE = YES;
				CLANG_WARN__DUPLICATE_METHOD_MATCH = YES;
				CODE_SIGN_IDENTITY = "iPhone Developer";
				COPY_PHASE_STRIP = NO;
				DEBUG_INFORMATION_FORMAT = dwarf;
				ENABLE_STRICT_OBJC_MSGSEND = YES;
				ENABLE_TESTABILITY = YES;
				GCC_C_LANGUAGE_STANDARD = gnu11;
				GCC_DYNAMIC_NO_PIC = NO;
				GCC_NO_COMMON_BLOCKS = YES;
				GCC_OPTIMIZATION_LEVEL = 0;
				GCC_PREPROCESSOR_DEFINITIONS = (
					"DEBUG=1",
					"$(inherited)",
				);
				GCC_WARN_64_TO_32_BIT_CONVERSION = YES;
				GCC_WARN_ABOUT_RETURN_TYPE = YES_ERROR;
				GCC_WARN_UNDECLARED_SELECTOR = YES;
				GCC_WARN_UNINITIALIZED_AUTOS = YES_AGGRESSIVE;
				GCC_WARN_UNUSED_FUNCTION = YES;
				GCC_WARN_UNUSED_VARIABLE = YES;
				IPHONEOS_DEPLOYMENT_TARGET = 12.2;
				MTL_ENABLE_DEBUG_INFO = INCLUDE_SOURCE;
				MTL_FAST_MATH = YES;
				ONLY_ACTIVE_ARCH = YES;
				SDKROOT = iphoneos;
				SWIFT_ACTIVE_COMPILATION_CONDITIONS = DEBUG;
				SWIFT_OPTIMIZATION_LEVEL = "-Onone";
			};
			name = Debug;
		};
		8DA717DE23482EFC00EF6047 /* Release */ = {
			isa = XCBuildConfiguration;
			buildSettings = {
				ALWAYS_SEARCH_USER_PATHS = NO;
				CLANG_ANALYZER_NONNULL = YES;
				CLANG_ANALYZER_NUMBER_OBJECT_CONVERSION = YES_AGGRESSIVE;
				CLANG_CXX_LANGUAGE_STANDARD = "gnu++14";
				CLANG_CXX_LIBRARY = "libc++";
				CLANG_ENABLE_MODULES = YES;
				CLANG_ENABLE_OBJC_ARC = YES;
				CLANG_ENABLE_OBJC_WEAK = YES;
				CLANG_WARN_BLOCK_CAPTURE_AUTORELEASING = YES;
				CLANG_WARN_BOOL_CONVERSION = YES;
				CLANG_WARN_COMMA = YES;
				CLANG_WARN_CONSTANT_CONVERSION = YES;
				CLANG_WARN_DEPRECATED_OBJC_IMPLEMENTATIONS = YES;
				CLANG_WARN_DIRECT_OBJC_ISA_USAGE = YES_ERROR;
				CLANG_WARN_DOCUMENTATION_COMMENTS = YES;
				CLANG_WARN_EMPTY_BODY = YES;
				CLANG_WARN_ENUM_CONVERSION = YES;
				CLANG_WARN_INFINITE_RECURSION = YES;
				CLANG_WARN_INT_CONVERSION = YES;
				CLANG_WARN_NON_LITERAL_NULL_CONVERSION = YES;
				CLANG_WARN_OBJC_IMPLICIT_RETAIN_SELF = YES;
				CLANG_WARN_OBJC_LITERAL_CONVERSION = YES;
				CLANG_WARN_OBJC_ROOT_CLASS = YES_ERROR;
				CLANG_WARN_RANGE_LOOP_ANALYSIS = YES;
				CLANG_WARN_STRICT_PROTOTYPES = YES;
				CLANG_WARN_SUSPICIOUS_MOVE = YES;
				CLANG_WARN_UNGUARDED_AVAILABILITY = YES_AGGRESSIVE;
				CLANG_WARN_UNREACHABLE_CODE = YES;
				CLANG_WARN__DUPLICATE_METHOD_MATCH = YES;
				CODE_SIGN_IDENTITY = "iPhone Developer";
				COPY_PHASE_STRIP = NO;
				DEBUG_INFORMATION_FORMAT = "dwarf-with-dsym";
				ENABLE_NS_ASSERTIONS = NO;
				ENABLE_STRICT_OBJC_MSGSEND = YES;
				GCC_C_LANGUAGE_STANDARD = gnu11;
				GCC_NO_COMMON_BLOCKS = YES;
				GCC_WARN_64_TO_32_BIT_CONVERSION = YES;
				GCC_WARN_ABOUT_RETURN_TYPE = YES_ERROR;
				GCC_WARN_UNDECLARED_SELECTOR = YES;
				GCC_WARN_UNINITIALIZED_AUTOS = YES_AGGRESSIVE;
				GCC_WARN_UNUSED_FUNCTION = YES;
				GCC_WARN_UNUSED_VARIABLE = YES;
				IPHONEOS_DEPLOYMENT_TARGET = 12.2;
				MTL_ENABLE_DEBUG_INFO = NO;
				MTL_FAST_MATH = YES;
				SDKROOT = iphoneos;
				SWIFT_COMPILATION_MODE = wholemodule;
				SWIFT_OPTIMIZATION_LEVEL = "-O";
				VALIDATE_PRODUCT = YES;
			};
			name = Release;
		};
		8DA717E023482EFC00EF6047 /* Debug */ = {
			isa = XCBuildConfiguration;
			baseConfigurationReference = B27E5A246086ABBBA199EA69 /* Pods-PetAdpotion.debug.xcconfig */;
			buildSettings = {
				ASSETCATALOG_COMPILER_APPICON_NAME = AppIcon;
				CODE_SIGN_STYLE = Automatic;
				DEVELOPMENT_TEAM = J8KK28846H;
				INFOPLIST_FILE = PetAdpotion/Info.plist;
				LD_RUNPATH_SEARCH_PATHS = (
					"$(inherited)",
					"@executable_path/Frameworks",
				);
				PRODUCT_BUNDLE_IDENTIFIER = com.padc.PetAdpotion;
				PRODUCT_NAME = "$(TARGET_NAME)";
				SWIFT_VERSION = 5.0;
				TARGETED_DEVICE_FAMILY = "1,2";
			};
			name = Debug;
		};
		8DA717E123482EFC00EF6047 /* Release */ = {
			isa = XCBuildConfiguration;
			baseConfigurationReference = 6F661F4BAAE86027272DB620 /* Pods-PetAdpotion.release.xcconfig */;
			buildSettings = {
				ASSETCATALOG_COMPILER_APPICON_NAME = AppIcon;
				CODE_SIGN_STYLE = Automatic;
				DEVELOPMENT_TEAM = J8KK28846H;
				INFOPLIST_FILE = PetAdpotion/Info.plist;
				LD_RUNPATH_SEARCH_PATHS = (
					"$(inherited)",
					"@executable_path/Frameworks",
				);
				PRODUCT_BUNDLE_IDENTIFIER = com.padc.PetAdpotion;
				PRODUCT_NAME = "$(TARGET_NAME)";
				SWIFT_VERSION = 5.0;
				TARGETED_DEVICE_FAMILY = "1,2";
			};
			name = Release;
		};
		8DA717E323482EFC00EF6047 /* Debug */ = {
			isa = XCBuildConfiguration;
			baseConfigurationReference = 9E344C6300915560CA1954F7 /* Pods-PetAdpotionTests.debug.xcconfig */;
			buildSettings = {
				ALWAYS_EMBED_SWIFT_STANDARD_LIBRARIES = YES;
				BUNDLE_LOADER = "$(TEST_HOST)";
				CODE_SIGN_STYLE = Automatic;
				DEVELOPMENT_TEAM = J8KK28846H;
				INFOPLIST_FILE = PetAdpotionTests/Info.plist;
				LD_RUNPATH_SEARCH_PATHS = (
					"$(inherited)",
					"@executable_path/Frameworks",
					"@loader_path/Frameworks",
				);
				PRODUCT_BUNDLE_IDENTIFIER = com.padc.PetAdpotionTests;
				PRODUCT_NAME = "$(TARGET_NAME)";
				SWIFT_VERSION = 5.0;
				TARGETED_DEVICE_FAMILY = "1,2";
				TEST_HOST = "$(BUILT_PRODUCTS_DIR)/PetAdpotion.app/PetAdpotion";
			};
			name = Debug;
		};
		8DA717E423482EFC00EF6047 /* Release */ = {
			isa = XCBuildConfiguration;
			baseConfigurationReference = B5203DEDF0B8C536BC5CE243 /* Pods-PetAdpotionTests.release.xcconfig */;
			buildSettings = {
				ALWAYS_EMBED_SWIFT_STANDARD_LIBRARIES = YES;
				BUNDLE_LOADER = "$(TEST_HOST)";
				CODE_SIGN_STYLE = Automatic;
				DEVELOPMENT_TEAM = J8KK28846H;
				INFOPLIST_FILE = PetAdpotionTests/Info.plist;
				LD_RUNPATH_SEARCH_PATHS = (
					"$(inherited)",
					"@executable_path/Frameworks",
					"@loader_path/Frameworks",
				);
				PRODUCT_BUNDLE_IDENTIFIER = com.padc.PetAdpotionTests;
				PRODUCT_NAME = "$(TARGET_NAME)";
				SWIFT_VERSION = 5.0;
				TARGETED_DEVICE_FAMILY = "1,2";
				TEST_HOST = "$(BUILT_PRODUCTS_DIR)/PetAdpotion.app/PetAdpotion";
			};
			name = Release;
		};
		8DA717E623482EFC00EF6047 /* Debug */ = {
			isa = XCBuildConfiguration;
			baseConfigurationReference = 81F6F69728E9E9744B70C1E8 /* Pods-PetAdpotionUITests.debug.xcconfig */;
			buildSettings = {
				ALWAYS_EMBED_SWIFT_STANDARD_LIBRARIES = YES;
				CODE_SIGN_STYLE = Automatic;
				DEVELOPMENT_TEAM = J8KK28846H;
				INFOPLIST_FILE = PetAdpotionUITests/Info.plist;
				LD_RUNPATH_SEARCH_PATHS = (
					"$(inherited)",
					"@executable_path/Frameworks",
					"@loader_path/Frameworks",
				);
				PRODUCT_BUNDLE_IDENTIFIER = com.padc.PetAdpotionUITests;
				PRODUCT_NAME = "$(TARGET_NAME)";
				SWIFT_VERSION = 5.0;
				TARGETED_DEVICE_FAMILY = "1,2";
				TEST_TARGET_NAME = PetAdpotion;
			};
			name = Debug;
		};
		8DA717E723482EFC00EF6047 /* Release */ = {
			isa = XCBuildConfiguration;
			baseConfigurationReference = BE6BA3FC956EAD0BE4431349 /* Pods-PetAdpotionUITests.release.xcconfig */;
			buildSettings = {
				ALWAYS_EMBED_SWIFT_STANDARD_LIBRARIES = YES;
				CODE_SIGN_STYLE = Automatic;
				DEVELOPMENT_TEAM = J8KK28846H;
				INFOPLIST_FILE = PetAdpotionUITests/Info.plist;
				LD_RUNPATH_SEARCH_PATHS = (
					"$(inherited)",
					"@executable_path/Frameworks",
					"@loader_path/Frameworks",
				);
				PRODUCT_BUNDLE_IDENTIFIER = com.padc.PetAdpotionUITests;
				PRODUCT_NAME = "$(TARGET_NAME)";
				SWIFT_VERSION = 5.0;
				TARGETED_DEVICE_FAMILY = "1,2";
				TEST_TARGET_NAME = PetAdpotion;
			};
			name = Release;
		};
/* End XCBuildConfiguration section */

/* Begin XCConfigurationList section */
		8DA717B223482EF800EF6047 /* Build configuration list for PBXProject "PetAdpotion" */ = {
			isa = XCConfigurationList;
			buildConfigurations = (
				8DA717DD23482EFC00EF6047 /* Debug */,
				8DA717DE23482EFC00EF6047 /* Release */,
			);
			defaultConfigurationIsVisible = 0;
			defaultConfigurationName = Release;
		};
		8DA717DF23482EFC00EF6047 /* Build configuration list for PBXNativeTarget "PetAdpotion" */ = {
			isa = XCConfigurationList;
			buildConfigurations = (
				8DA717E023482EFC00EF6047 /* Debug */,
				8DA717E123482EFC00EF6047 /* Release */,
			);
			defaultConfigurationIsVisible = 0;
			defaultConfigurationName = Release;
		};
		8DA717E223482EFC00EF6047 /* Build configuration list for PBXNativeTarget "PetAdpotionTests" */ = {
			isa = XCConfigurationList;
			buildConfigurations = (
				8DA717E323482EFC00EF6047 /* Debug */,
				8DA717E423482EFC00EF6047 /* Release */,
			);
			defaultConfigurationIsVisible = 0;
			defaultConfigurationName = Release;
		};
		8DA717E523482EFC00EF6047 /* Build configuration list for PBXNativeTarget "PetAdpotionUITests" */ = {
			isa = XCConfigurationList;
			buildConfigurations = (
				8DA717E623482EFC00EF6047 /* Debug */,
				8DA717E723482EFC00EF6047 /* Release */,
			);
			defaultConfigurationIsVisible = 0;
			defaultConfigurationName = Release;
		};
/* End XCConfigurationList section */
	};
	rootObject = 8DA717AF23482EF800EF6047 /* Project object */;
}
